// !$*UTF8*$!
{
	archiveVersion = 1;
	classes = {
	};
	objectVersion = 46;
	objects = {

/* Begin PBXBuildFile section */
		0043AFDB1A63C94800EC6841 /* main.m in Sources */ = {isa = PBXBuildFile; fileRef = 0043AFDA1A63C94800EC6841 /* main.m */; };
		0043AFE31A63C96800EC6841 /* PCALightSaber.m in Sources */ = {isa = PBXBuildFile; fileRef = 0043AFE21A63C96800EC6841 /* PCALightSaber.m */; };
		0043AFE71A63D1DD00EC6841 /* PCAStarWarsCharacter.m in Sources */ = {isa = PBXBuildFile; fileRef = 0043AFE61A63D1DD00EC6841 /* PCAStarWarsCharacter.m */; };
		0043AFEA1A63D3D900EC6841 /* PCAJedi.m in Sources */ = {isa = PBXBuildFile; fileRef = 0043AFE91A63D3D900EC6841 /* PCAJedi.m */; };
/* End PBXBuildFile section */

/* Begin PBXCopyFilesBuildPhase section */
		0043AFD51A63C94800EC6841 /* CopyFiles */ = {
			isa = PBXCopyFilesBuildPhase;
			buildActionMask = 2147483647;
			dstPath = /usr/share/man/man1/;
			dstSubfolderSpec = 0;
			files = (
			);
			runOnlyForDeploymentPostprocessing = 1;
		};
/* End PBXCopyFilesBuildPhase section */

/* Begin PBXFileReference section */
		0043AFD71A63C94800EC6841 /* ResolucionEjercicio01 */ = {isa = PBXFileReference; explicitFileType = "compiled.mach-o.executable"; includeInIndex = 0; path = ResolucionEjercicio01; sourceTree = BUILT_PRODUCTS_DIR; };
		0043AFDA1A63C94800EC6841 /* main.m */ = {isa = PBXFileReference; lastKnownFileType = sourcecode.c.objc; path = main.m; sourceTree = "<group>"; };
		0043AFE11A63C96800EC6841 /* PCALightSaber.h */ = {isa = PBXFileReference; fileEncoding = 4; lastKnownFileType = sourcecode.c.h; path = PCALightSaber.h; sourceTree = "<group>"; };
		0043AFE21A63C96800EC6841 /* PCALightSaber.m */ = {isa = PBXFileReference; fileEncoding = 4; lastKnownFileType = sourcecode.c.objc; path = PCALightSaber.m; sourceTree = "<group>"; };
		0043AFE51A63D1DD00EC6841 /* PCAStarWarsCharacter.h */ = {isa = PBXFileReference; fileEncoding = 4; lastKnownFileType = sourcecode.c.h; path = PCAStarWarsCharacter.h; sourceTree = "<group>"; };
		0043AFE61A63D1DD00EC6841 /* PCAStarWarsCharacter.m */ = {isa = PBXFileReference; fileEncoding = 4; lastKnownFileType = sourcecode.c.objc; path = PCAStarWarsCharacter.m; sourceTree = "<group>"; };
		0043AFE81A63D3D900EC6841 /* PCAJedi.h */ = {isa = PBXFileReference; fileEncoding = 4; lastKnownFileType = sourcecode.c.h; path = PCAJedi.h; sourceTree = "<group>"; };
		0043AFE91A63D3D900EC6841 /* PCAJedi.m */ = {isa = PBXFileReference; fileEncoding = 4; lastKnownFileType = sourcecode.c.objc; path = PCAJedi.m; sourceTree = "<group>"; };
/* End PBXFileReference section */

/* Begin PBXFrameworksBuildPhase section */
		0043AFD41A63C94800EC6841 /* Frameworks */ = {
			isa = PBXFrameworksBuildPhase;
			buildActionMask = 2147483647;
			files = (
			);
			runOnlyForDeploymentPostprocessing = 0;
		};
/* End PBXFrameworksBuildPhase section */

/* Begin PBXGroup section */
		0043AFCE1A63C94800EC6841 = {
			isa = PBXGroup;
			children = (
				0043AFE41A63C97200EC6841 /* Models */,
				0043AFD91A63C94800EC6841 /* ResolucionEjercicio01 */,
				0043AFD81A63C94800EC6841 /* Products */,
			);
			sourceTree = "<group>";
		};
		0043AFD81A63C94800EC6841 /* Products */ = {
			isa = PBXGroup;
			children = (
				0043AFD71A63C94800EC6841 /* ResolucionEjercicio01 */,
			);
			name = Products;
			sourceTree = "<group>";
		};
		0043AFD91A63C94800EC6841 /* ResolucionEjercicio01 */ = {
			isa = PBXGroup;
			children = (
				0043AFDA1A63C94800EC6841 /* main.m */,
			);
			path = ResolucionEjercicio01;
			sourceTree = "<group>";
		};
		0043AFE41A63C97200EC6841 /* Models */ = {
			isa = PBXGroup;
			children = (
				0043AFE11A63C96800EC6841 /* PCALightSaber.h */,
				0043AFE21A63C96800EC6841 /* PCALightSaber.m */,
				0043AFE51A63D1DD00EC6841 /* PCAStarWarsCharacter.h */,
				0043AFE61A63D1DD00EC6841 /* PCAStarWarsCharacter.m */,
				0043AFE81A63D3D900EC6841 /* PCAJedi.h */,
				0043AFE91A63D3D900EC6841 /* PCAJedi.m */,
			);
			name = Models;
			sourceTree = "<group>";
		};
/* End PBXGroup section */

/* Begin PBXNativeTarget section */
		0043AFD61A63C94800EC6841 /* ResolucionEjercicio01 */ = {
			isa = PBXNativeTarget;
			buildConfigurationList = 0043AFDE1A63C94800EC6841 /* Build configuration list for PBXNativeTarget "ResolucionEjercicio01" */;
			buildPhases = (
				0043AFD31A63C94800EC6841 /* Sources */,
				0043AFD41A63C94800EC6841 /* Frameworks */,
				0043AFD51A63C94800EC6841 /* CopyFiles */,
			);
			buildRules = (
			);
			dependencies = (
			);
			name = ResolucionEjercicio01;
			productName = ResolucionEjercicio01;
			productReference = 0043AFD71A63C94800EC6841 /* ResolucionEjercicio01 */;
			productType = "com.apple.product-type.tool";
		};
/* End PBXNativeTarget section */

/* Begin PBXProject section */
		0043AFCF1A63C94800EC6841 /* Project object */ = {
			isa = PBXProject;
			attributes = {
				LastUpgradeCheck = 0610;
				ORGANIZATIONNAME = pacocardenal;
				TargetAttributes = {
					0043AFD61A63C94800EC6841 = {
						CreatedOnToolsVersion = 6.1;
					};
				};
			};
			buildConfigurationList = 0043AFD21A63C94800EC6841 /* Build configuration list for PBXProject "ResolucionEjercicio01" */;
			compatibilityVersion = "Xcode 3.2";
			developmentRegion = English;
			hasScannedForEncodings = 0;
			knownRegions = (
				en,
			);
			mainGroup = 0043AFCE1A63C94800EC6841;
			productRefGroup = 0043AFD81A63C94800EC6841 /* Products */;
			projectDirPath = "";
			projectRoot = "";
			targets = (
				0043AFD61A63C94800EC6841 /* ResolucionEjercicio01 */,
			);
		};
/* End PBXProject section */

/* Begin PBXSourcesBuildPhase section */
		0043AFD31A63C94800EC6841 /* Sources */ = {
			isa = PBXSourcesBuildPhase;
			buildActionMask = 2147483647;
			files = (
				0043AFEA1A63D3D900EC6841 /* PCAJedi.m in Sources */,
				0043AFE71A63D1DD00EC6841 /* PCAStarWarsCharacter.m in Sources */,
				0043AFDB1A63C94800EC6841 /* main.m in Sources */,
				0043AFE31A63C96800EC6841 /* PCALightSaber.m in Sources */,
			);
			runOnlyForDeploymentPostprocessing = 0;
		};
/* End PBXSourcesBuildPhase section */

/* Begin XCBuildConfiguration section */
		0043AFDC1A63C94800EC6841 /* Debug */ = {
			isa = XCBuildConfiguration;
			buildSettings = {
				ALWAYS_SEARCH_USER_PATHS = NO;
				CLANG_CXX_LANGUAGE_STANDARD = "gnu++0x";
				CLANG_CXX_LIBRARY = "libc++";
				CLANG_ENABLE_MODULES = YES;
				CLANG_ENABLE_OBJC_ARC = YES;
				CLANG_WARN_BOOL_CONVERSION = YES;
				CLANG_WARN_CONSTANT_CONVERSION = YES;
				CLANG_WARN_DIRECT_OBJC_ISA_USAGE = YES_ERROR;
				CLANG_WARN_EMPTY_BODY = YES;
				CLANG_WARN_ENUM_CONVERSION = YES;
				CLANG_WARN_INT_CONVERSION = YES;
				CLANG_WARN_OBJC_ROOT_CLASS = YES_ERROR;
				CLANG_WARN_UNREACHABLE_CODE = YES;
				CLANG_WARN__DUPLICATE_METHOD_MATCH = YES;
				COPY_PHASE_STRIP = NO;
				ENABLE_STRICT_OBJC_MSGSEND = YES;
				GCC_C_LANGUAGE_STANDARD = gnu99;
				GCC_DYNAMIC_NO_PIC = NO;
				GCC_OPTIMIZATION_LEVEL = 0;
				GCC_PREPROCESSOR_DEFINITIONS = (
					"DEBUG=1",
					"$(inherited)",
				);
				GCC_SYMBOLS_PRIVATE_EXTERN = NO;
				GCC_WARN_64_TO_32_BIT_CONVERSION = YES;
				GCC_WARN_ABOUT_RETURN_TYPE = YES_ERROR;
				GCC_WARN_UNDECLARED_SELECTOR = YES;
				GCC_WARN_UNINITIALIZED_AUTOS = YES_AGGRESSIVE;
				GCC_WARN_UNUSED_FUNCTION = YES;
				GCC_WARN_UNUSED_VARIABLE = YES;
				MACOSX_DEPLOYMENT_TARGET = 10.10;
				MTL_ENABLE_DEBUG_INFO = YES;
				ONLY_ACTIVE_ARCH = YES;
				SDKROOT = macosx;
			};
			name = Debug;
		};
		0043AFDD1A63C94800EC6841 /* Release */ = {
			isa = XCBuildConfiguration;
			buildSettings = {
				ALWAYS_SEARCH_USER_PATHS = NO;
				CLANG_CXX_LANGUAGE_STANDARD = "gnu++0x";
				CLANG_CXX_LIBRARY = "libc++";
				CLANG_ENABLE_MODULES = YES;
				CLANG_ENABLE_OBJC_ARC = YES;
				CLANG_WARN_BOOL_CONVERSION = YES;
				CLANG_WARN_CONSTANT_CONVERSION = YES;
				CLANG_WARN_DIRECT_OBJC_ISA_USAGE = YES_ERROR;
				CLANG_WARN_EMPTY_BODY = YES;
				CLANG_WARN_ENUM_CONVERSION = YES;
				CLANG_WARN_INT_CONVERSION = YES;
				CLANG_WARN_OBJC_ROOT_CLASS = YES_ERROR;
				CLANG_WARN_UNREACHABLE_CODE = YES;
				CLANG_WARN__DUPLICATE_METHOD_MATCH = YES;
				COPY_PHASE_STRIP = YES;
				DEBUG_INFORMATION_FORMAT = "dwarf-with-dsym";
				ENABLE_NS_ASSERTIONS = NO;
				ENABLE_STRICT_OBJC_MSGSEND = YES;
				GCC_C_LANGUAGE_STANDARD = gnu99;
				GCC_WARN_64_TO_32_BIT_CONVERSION = YES;
				GCC_WARN_ABOUT_RETURN_TYPE = YES_ERROR;
				GCC_WARN_UNDECLARED_SELECTOR = YES;
				GCC_WARN_UNINITIALIZED_AUTOS = YES_AGGRESSIVE;
				GCC_WARN_UNUSED_FUNCTION = YES;
				GCC_WARN_UNUSED_VARIABLE = YES;
				MACOSX_DEPLOYMENT_TARGET = 10.10;
				MTL_ENABLE_DEBUG_INFO = NO;
				SDKROOT = macosx;
			};
			name = Release;
		};
		0043AFDF1A63C94800EC6841 /* Debug */ = {
			isa = XCBuildConfiguration;
			buildSettings = {
				PRODUCT_NAME = "$(TARGET_NAME)";
			};
			name = Debug;
		};
		0043AFE01A63C94800EC6841 /* Release */ = {
			isa = XCBuildConfiguration;
			buildSettings = {
				PRODUCT_NAME = "$(TARGET_NAME)";
			};
			name = Release;
		};
/* End XCBuildConfiguration section */

/* Begin XCConfigurationList section */
		0043AFD21A63C94800EC6841 /* Build configuration list for PBXProject "ResolucionEjercicio01" */ = {
			isa = XCConfigurationList;
			buildConfigurations = (
				0043AFDC1A63C94800EC6841 /* Debug */,
				0043AFDD1A63C94800EC6841 /* Release */,
			);
			defaultConfigurationIsVisible = 0;
			defaultConfigurationName = Release;
		};
		0043AFDE1A63C94800EC6841 /* Build configuration list for PBXNativeTarget "ResolucionEjercicio01" */ = {
			isa = XCConfigurationList;
			buildConfigurations = (
				0043AFDF1A63C94800EC6841 /* Debug */,
				0043AFE01A63C94800EC6841 /* Release */,
			);
			defaultConfigurationIsVisible = 0;
		};
/* End XCConfigurationList section */
	};
	rootObject = 0043AFCF1A63C94800EC6841 /* Project object */;
}
